// !$*UTF8*$!
{
	archiveVersion = 1;
	classes = {
	};
	objectVersion = 56;
	objects = {

/* Begin PBXBuildFile section */
		9A97CCAC2BFA5C2B00E33420 /* main.cpp in Sources */ = {isa = PBXBuildFile; fileRef = 9A97CCAB2BFA5C2B00E33420 /* main.cpp */; };
		9A97CCC02BFA687700E33420 /* prime_utils.cpp in Sources */ = {isa = PBXBuildFile; fileRef = 9A97CCBF2BFA687700E33420 /* prime_utils.cpp */; };
		9A97CCC32BFA6AA200E33420 /* test_lab_1.cpp in Sources */ = {isa = PBXBuildFile; fileRef = 9A97CCC22BFA6AA200E33420 /* test_lab_1.cpp */; };
		9ABC171B2BFA778D00DD29B4 /* rsa.cpp in Sources */ = {isa = PBXBuildFile; fileRef = 9ABC171A2BFA778D00DD29B4 /* rsa.cpp */; };
		9ABC171E2BFA785500DD29B4 /* test_lab_2.cpp in Sources */ = {isa = PBXBuildFile; fileRef = 9ABC171D2BFA785500DD29B4 /* test_lab_2.cpp */; };
/* End PBXBuildFile section */

/* Begin PBXCopyFilesBuildPhase section */
		9A97CCA62BFA5C2B00E33420 /* CopyFiles */ = {
			isa = PBXCopyFilesBuildPhase;
			buildActionMask = 2147483647;
			dstPath = /usr/share/man/man1/;
			dstSubfolderSpec = 0;
			files = (
			);
			runOnlyForDeploymentPostprocessing = 1;
		};
/* End PBXCopyFilesBuildPhase section */

/* Begin PBXFileReference section */
		9A97CCA82BFA5C2B00E33420 /* crypto_labs */ = {isa = PBXFileReference; explicitFileType = "compiled.mach-o.executable"; includeInIndex = 0; path = crypto_labs; sourceTree = BUILT_PRODUCTS_DIR; };
		9A97CCAB2BFA5C2B00E33420 /* main.cpp */ = {isa = PBXFileReference; lastKnownFileType = sourcecode.cpp.cpp; path = main.cpp; sourceTree = "<group>"; };
		9A97CCBE2BFA683B00E33420 /* prime_utils.h */ = {isa = PBXFileReference; lastKnownFileType = sourcecode.c.h; path = prime_utils.h; sourceTree = "<group>"; };
		9A97CCBF2BFA687700E33420 /* prime_utils.cpp */ = {isa = PBXFileReference; lastKnownFileType = sourcecode.cpp.cpp; path = prime_utils.cpp; sourceTree = "<group>"; };
		9A97CCC12BFA6A0900E33420 /* test_lab_1.h */ = {isa = PBXFileReference; lastKnownFileType = sourcecode.c.h; path = test_lab_1.h; sourceTree = "<group>"; };
		9A97CCC22BFA6AA200E33420 /* test_lab_1.cpp */ = {isa = PBXFileReference; lastKnownFileType = sourcecode.cpp.cpp; path = test_lab_1.cpp; sourceTree = "<group>"; };
		9ABC17192BFA777300DD29B4 /* rsa.h */ = {isa = PBXFileReference; lastKnownFileType = sourcecode.c.h; path = rsa.h; sourceTree = "<group>"; };
		9ABC171A2BFA778D00DD29B4 /* rsa.cpp */ = {isa = PBXFileReference; lastKnownFileType = sourcecode.cpp.cpp; path = rsa.cpp; sourceTree = "<group>"; };
		9ABC171C2BFA782C00DD29B4 /* test_lab_2.h */ = {isa = PBXFileReference; lastKnownFileType = sourcecode.c.h; path = test_lab_2.h; sourceTree = "<group>"; };
		9ABC171D2BFA785500DD29B4 /* test_lab_2.cpp */ = {isa = PBXFileReference; lastKnownFileType = sourcecode.cpp.cpp; path = test_lab_2.cpp; sourceTree = "<group>"; };
/* End PBXFileReference section */

/* Begin PBXFrameworksBuildPhase section */
		9A97CCA52BFA5C2B00E33420 /* Frameworks */ = {
			isa = PBXFrameworksBuildPhase;
			buildActionMask = 2147483647;
			files = (
			);
			runOnlyForDeploymentPostprocessing = 0;
		};
/* End PBXFrameworksBuildPhase section */

/* Begin PBXGroup section */
		9A97CC9F2BFA5C2B00E33420 = {
			isa = PBXGroup;
			children = (
				9A97CCAA2BFA5C2B00E33420 /* crypto_labs */,
				9A97CCA92BFA5C2B00E33420 /* Products */,
			);
			sourceTree = "<group>";
		};
		9A97CCA92BFA5C2B00E33420 /* Products */ = {
			isa = PBXGroup;
			children = (
				9A97CCA82BFA5C2B00E33420 /* crypto_labs */,
			);
			name = Products;
			sourceTree = "<group>";
		};
		9A97CCAA2BFA5C2B00E33420 /* crypto_labs */ = {
			isa = PBXGroup;
			children = (
				9ABC171C2BFA782C00DD29B4 /* test_lab_2.h */,
				9ABC17192BFA777300DD29B4 /* rsa.h */,
				9A97CCC22BFA6AA200E33420 /* test_lab_1.cpp */,
				9A97CCAB2BFA5C2B00E33420 /* main.cpp */,
				9A97CCBE2BFA683B00E33420 /* prime_utils.h */,
				9A97CCBF2BFA687700E33420 /* prime_utils.cpp */,
				9A97CCC12BFA6A0900E33420 /* test_lab_1.h */,
				9ABC171A2BFA778D00DD29B4 /* rsa.cpp */,
				9ABC171D2BFA785500DD29B4 /* test_lab_2.cpp */,
			);
			path = crypto_labs;
			sourceTree = "<group>";
		};
/* End PBXGroup section */

/* Begin PBXNativeTarget section */
		9A97CCA72BFA5C2B00E33420 /* crypto_labs */ = {
			isa = PBXNativeTarget;
			buildConfigurationList = 9A97CCAF2BFA5C2B00E33420 /* Build configuration list for PBXNativeTarget "crypto_labs" */;
			buildPhases = (
				9A97CCA42BFA5C2B00E33420 /* Sources */,
				9A97CCA52BFA5C2B00E33420 /* Frameworks */,
				9A97CCA62BFA5C2B00E33420 /* CopyFiles */,
			);
			buildRules = (
			);
			dependencies = (
			);
			name = crypto_labs;
			productName = crypto_labs;
			productReference = 9A97CCA82BFA5C2B00E33420 /* crypto_labs */;
			productType = "com.apple.product-type.tool";
		};
/* End PBXNativeTarget section */

/* Begin PBXProject section */
		9A97CCA02BFA5C2B00E33420 /* Project object */ = {
			isa = PBXProject;
			attributes = {
				BuildIndependentTargetsInParallel = 1;
				LastUpgradeCheck = 1520;
				TargetAttributes = {
					9A97CCA72BFA5C2B00E33420 = {
						CreatedOnToolsVersion = 15.2;
					};
				};
			};
			buildConfigurationList = 9A97CCA32BFA5C2B00E33420 /* Build configuration list for PBXProject "crypto_labs" */;
			compatibilityVersion = "Xcode 14.0";
			developmentRegion = en;
			hasScannedForEncodings = 0;
			knownRegions = (
				en,
				Base,
			);
			mainGroup = 9A97CC9F2BFA5C2B00E33420;
			productRefGroup = 9A97CCA92BFA5C2B00E33420 /* Products */;
			projectDirPath = "";
			projectRoot = "";
			targets = (
				9A97CCA72BFA5C2B00E33420 /* crypto_labs */,
			);
		};
/* End PBXProject section */

/* Begin PBXSourcesBuildPhase section */
		9A97CCA42BFA5C2B00E33420 /* Sources */ = {
			isa = PBXSourcesBuildPhase;
			buildActionMask = 2147483647;
			files = (
				9A97CCC32BFA6AA200E33420 /* test_lab_1.cpp in Sources */,
				9ABC171E2BFA785500DD29B4 /* test_lab_2.cpp in Sources */,
				9A97CCAC2BFA5C2B00E33420 /* main.cpp in Sources */,
				9ABC171B2BFA778D00DD29B4 /* rsa.cpp in Sources */,
				9A97CCC02BFA687700E33420 /* prime_utils.cpp in Sources */,
			);
			runOnlyForDeploymentPostprocessing = 0;
		};
/* End PBXSourcesBuildPhase section */

/* Begin XCBuildConfiguration section */
		9A97CCAD2BFA5C2B00E33420 /* Debug */ = {
			isa = XCBuildConfiguration;
			buildSettings = {
				ALWAYS_SEARCH_USER_PATHS = NO;
				ASSETCATALOG_COMPILER_GENERATE_SWIFT_ASSET_SYMBOL_EXTENSIONS = YES;
				CLANG_ANALYZER_NONNULL = YES;
				CLANG_ANALYZER_NUMBER_OBJECT_CONVERSION = YES_AGGRESSIVE;
				CLANG_CXX_LANGUAGE_STANDARD = "gnu++20";
				CLANG_ENABLE_MODULES = YES;
				CLANG_ENABLE_OBJC_ARC = YES;
				CLANG_ENABLE_OBJC_WEAK = YES;
				CLANG_WARN_BLOCK_CAPTURE_AUTORELEASING = YES;
				CLANG_WARN_BOOL_CONVERSION = YES;
				CLANG_WARN_COMMA = YES;
				CLANG_WARN_CONSTANT_CONVERSION = YES;
				CLANG_WARN_DEPRECATED_OBJC_IMPLEMENTATIONS = YES;
				CLANG_WARN_DIRECT_OBJC_ISA_USAGE = YES_ERROR;
				CLANG_WARN_DOCUMENTATION_COMMENTS = YES;
				CLANG_WARN_EMPTY_BODY = YES;
				CLANG_WARN_ENUM_CONVERSION = YES;
				CLANG_WARN_INFINITE_RECURSION = YES;
				CLANG_WARN_INT_CONVERSION = YES;
				CLANG_WARN_NON_LITERAL_NULL_CONVERSION = YES;
				CLANG_WARN_OBJC_IMPLICIT_RETAIN_SELF = YES;
				CLANG_WARN_OBJC_LITERAL_CONVERSION = YES;
				CLANG_WARN_OBJC_ROOT_CLASS = YES_ERROR;
				CLANG_WARN_QUOTED_INCLUDE_IN_FRAMEWORK_HEADER = YES;
				CLANG_WARN_RANGE_LOOP_ANALYSIS = YES;
				CLANG_WARN_STRICT_PROTOTYPES = YES;
				CLANG_WARN_SUSPICIOUS_MOVE = YES;
				CLANG_WARN_UNGUARDED_AVAILABILITY = YES_AGGRESSIVE;
				CLANG_WARN_UNREACHABLE_CODE = YES;
				CLANG_WARN__DUPLICATE_METHOD_MATCH = YES;
				COPY_PHASE_STRIP = NO;
				DEBUG_INFORMATION_FORMAT = dwarf;
				ENABLE_STRICT_OBJC_MSGSEND = YES;
				ENABLE_TESTABILITY = YES;
				ENABLE_USER_SCRIPT_SANDBOXING = YES;
				GCC_C_LANGUAGE_STANDARD = gnu17;
				GCC_DYNAMIC_NO_PIC = NO;
				GCC_NO_COMMON_BLOCKS = YES;
				GCC_OPTIMIZATION_LEVEL = 0;
				GCC_PREPROCESSOR_DEFINITIONS = (
					"DEBUG=1",
					"$(inherited)",
				);
				GCC_WARN_64_TO_32_BIT_CONVERSION = YES;
				GCC_WARN_ABOUT_RETURN_TYPE = YES_ERROR;
				GCC_WARN_UNDECLARED_SELECTOR = YES;
				GCC_WARN_UNINITIALIZED_AUTOS = YES_AGGRESSIVE;
				GCC_WARN_UNUSED_FUNCTION = YES;
				GCC_WARN_UNUSED_VARIABLE = YES;
				LOCALIZATION_PREFERS_STRING_CATALOGS = YES;
				MACOSX_DEPLOYMENT_TARGET = 13.6;
				MTL_ENABLE_DEBUG_INFO = INCLUDE_SOURCE;
				MTL_FAST_MATH = YES;
				ONLY_ACTIVE_ARCH = YES;
				SDKROOT = macosx;
			};
			name = Debug;
		};
		9A97CCAE2BFA5C2B00E33420 /* Release */ = {
			isa = XCBuildConfiguration;
			buildSettings = {
				ALWAYS_SEARCH_USER_PATHS = NO;
				ASSETCATALOG_COMPILER_GENERATE_SWIFT_ASSET_SYMBOL_EXTENSIONS = YES;
				CLANG_ANALYZER_NONNULL = YES;
				CLANG_ANALYZER_NUMBER_OBJECT_CONVERSION = YES_AGGRESSIVE;
				CLANG_CXX_LANGUAGE_STANDARD = "gnu++20";
				CLANG_ENABLE_MODULES = YES;
				CLANG_ENABLE_OBJC_ARC = YES;
				CLANG_ENABLE_OBJC_WEAK = YES;
				CLANG_WARN_BLOCK_CAPTURE_AUTORELEASING = YES;
				CLANG_WARN_BOOL_CONVERSION = YES;
				CLANG_WARN_COMMA = YES;
				CLANG_WARN_CONSTANT_CONVERSION = YES;
				CLANG_WARN_DEPRECATED_OBJC_IMPLEMENTATIONS = YES;
				CLANG_WARN_DIRECT_OBJC_ISA_USAGE = YES_ERROR;
				CLANG_WARN_DOCUMENTATION_COMMENTS = YES;
				CLANG_WARN_EMPTY_BODY = YES;
				CLANG_WARN_ENUM_CONVERSION = YES;
				CLANG_WARN_INFINITE_RECURSION = YES;
				CLANG_WARN_INT_CONVERSION = YES;
				CLANG_WARN_NON_LITERAL_NULL_CONVERSION = YES;
				CLANG_WARN_OBJC_IMPLICIT_RETAIN_SELF = YES;
				CLANG_WARN_OBJC_LITERAL_CONVERSION = YES;
				CLANG_WARN_OBJC_ROOT_CLASS = YES_ERROR;
				CLANG_WARN_QUOTED_INCLUDE_IN_FRAMEWORK_HEADER = YES;
				CLANG_WARN_RANGE_LOOP_ANALYSIS = YES;
				CLANG_WARN_STRICT_PROTOTYPES = YES;
				CLANG_WARN_SUSPICIOUS_MOVE = YES;
				CLANG_WARN_UNGUARDED_AVAILABILITY = YES_AGGRESSIVE;
				CLANG_WARN_UNREACHABLE_CODE = YES;
				CLANG_WARN__DUPLICATE_METHOD_MATCH = YES;
				COPY_PHASE_STRIP = NO;
				DEBUG_INFORMATION_FORMAT = "dwarf-with-dsym";
				ENABLE_NS_ASSERTIONS = NO;
				ENABLE_STRICT_OBJC_MSGSEND = YES;
				ENABLE_USER_SCRIPT_SANDBOXING = YES;
				GCC_C_LANGUAGE_STANDARD = gnu17;
				GCC_NO_COMMON_BLOCKS = YES;
				GCC_WARN_64_TO_32_BIT_CONVERSION = YES;
				GCC_WARN_ABOUT_RETURN_TYPE = YES_ERROR;
				GCC_WARN_UNDECLARED_SELECTOR = YES;
				GCC_WARN_UNINITIALIZED_AUTOS = YES_AGGRESSIVE;
				GCC_WARN_UNUSED_FUNCTION = YES;
				GCC_WARN_UNUSED_VARIABLE = YES;
				LOCALIZATION_PREFERS_STRING_CATALOGS = YES;
				MACOSX_DEPLOYMENT_TARGET = 13.6;
				MTL_ENABLE_DEBUG_INFO = NO;
				MTL_FAST_MATH = YES;
				SDKROOT = macosx;
			};
			name = Release;
		};
		9A97CCB02BFA5C2B00E33420 /* Debug */ = {
			isa = XCBuildConfiguration;
			buildSettings = {
				CODE_SIGN_STYLE = Automatic;
				PRODUCT_NAME = "$(TARGET_NAME)";
			};
			name = Debug;
		};
		9A97CCB12BFA5C2B00E33420 /* Release */ = {
			isa = XCBuildConfiguration;
			buildSettings = {
				CODE_SIGN_STYLE = Automatic;
				PRODUCT_NAME = "$(TARGET_NAME)";
			};
			name = Release;
		};
/* End XCBuildConfiguration section */

/* Begin XCConfigurationList section */
		9A97CCA32BFA5C2B00E33420 /* Build configuration list for PBXProject "crypto_labs" */ = {
			isa = XCConfigurationList;
			buildConfigurations = (
				9A97CCAD2BFA5C2B00E33420 /* Debug */,
				9A97CCAE2BFA5C2B00E33420 /* Release */,
			);
			defaultConfigurationIsVisible = 0;
			defaultConfigurationName = Release;
		};
		9A97CCAF2BFA5C2B00E33420 /* Build configuration list for PBXNativeTarget "crypto_labs" */ = {
			isa = XCConfigurationList;
			buildConfigurations = (
				9A97CCB02BFA5C2B00E33420 /* Debug */,
				9A97CCB12BFA5C2B00E33420 /* Release */,
			);
			defaultConfigurationIsVisible = 0;
			defaultConfigurationName = Release;
		};
/* End XCConfigurationList section */
	};
	rootObject = 9A97CCA02BFA5C2B00E33420 /* Project object */;
}
